// !$*UTF8*$!
{
	archiveVersion = 1;
	classes = {
	};
	objectVersion = 55;
	objects = {

/* Begin PBXBuildFile section */
		C317EF8229925ACE00BAB20D /* Comment_Card_WriterApp.swift in Sources */ = {isa = PBXBuildFile; fileRef = C317EF8129925ACE00BAB20D /* Comment_Card_WriterApp.swift */; };
		C317EF8429925ACE00BAB20D /* ContentView.swift in Sources */ = {isa = PBXBuildFile; fileRef = C317EF8329925ACE00BAB20D /* ContentView.swift */; };
		C317EF8629925ACF00BAB20D /* Assets.xcassets in Resources */ = {isa = PBXBuildFile; fileRef = C317EF8529925ACF00BAB20D /* Assets.xcassets */; };
		C317EF8929925ACF00BAB20D /* Preview Assets.xcassets in Resources */ = {isa = PBXBuildFile; fileRef = C317EF8829925ACF00BAB20D /* Preview Assets.xcassets */; };
		C317EF9329925ACF00BAB20D /* Comment_Card_WriterTests.swift in Sources */ = {isa = PBXBuildFile; fileRef = C317EF9229925ACF00BAB20D /* Comment_Card_WriterTests.swift */; };
		C317EF9D29925ACF00BAB20D /* Comment_Card_WriterUITests.swift in Sources */ = {isa = PBXBuildFile; fileRef = C317EF9C29925ACF00BAB20D /* Comment_Card_WriterUITests.swift */; };
		C317EF9F29925ACF00BAB20D /* Comment_Card_WriterUITestsLaunchTests.swift in Sources */ = {isa = PBXBuildFile; fileRef = C317EF9E29925ACF00BAB20D /* Comment_Card_WriterUITestsLaunchTests.swift */; };
/* End PBXBuildFile section */

/* Begin PBXContainerItemProxy section */
		C317EF8F29925ACF00BAB20D /* PBXContainerItemProxy */ = {
			isa = PBXContainerItemProxy;
			containerPortal = C317EF7629925ACD00BAB20D /* Project object */;
			proxyType = 1;
			remoteGlobalIDString = C317EF7D29925ACD00BAB20D;
			remoteInfo = "Comment Card Writer";
		};
		C317EF9929925ACF00BAB20D /* PBXContainerItemProxy */ = {
			isa = PBXContainerItemProxy;
			containerPortal = C317EF7629925ACD00BAB20D /* Project object */;
			proxyType = 1;
			remoteGlobalIDString = C317EF7D29925ACD00BAB20D;
			remoteInfo = "Comment Card Writer";
		};
/* End PBXContainerItemProxy section */

/* Begin PBXFileReference section */
		C317EF7E29925ACE00BAB20D /* Comment Card Writer.app */ = {isa = PBXFileReference; explicitFileType = wrapper.application; includeInIndex = 0; path = "Comment Card Writer.app"; sourceTree = BUILT_PRODUCTS_DIR; };
		C317EF8129925ACE00BAB20D /* Comment_Card_WriterApp.swift */ = {isa = PBXFileReference; lastKnownFileType = sourcecode.swift; path = Comment_Card_WriterApp.swift; sourceTree = "<group>"; };
		C317EF8329925ACE00BAB20D /* ContentView.swift */ = {isa = PBXFileReference; lastKnownFileType = sourcecode.swift; path = ContentView.swift; sourceTree = "<group>"; };
		C317EF8529925ACF00BAB20D /* Assets.xcassets */ = {isa = PBXFileReference; lastKnownFileType = folder.assetcatalog; path = Assets.xcassets; sourceTree = "<group>"; };
		C317EF8829925ACF00BAB20D /* Preview Assets.xcassets */ = {isa = PBXFileReference; lastKnownFileType = folder.assetcatalog; path = "Preview Assets.xcassets"; sourceTree = "<group>"; };
		C317EF8E29925ACF00BAB20D /* Comment Card WriterTests.xctest */ = {isa = PBXFileReference; explicitFileType = wrapper.cfbundle; includeInIndex = 0; path = "Comment Card WriterTests.xctest"; sourceTree = BUILT_PRODUCTS_DIR; };
		C317EF9229925ACF00BAB20D /* Comment_Card_WriterTests.swift */ = {isa = PBXFileReference; lastKnownFileType = sourcecode.swift; path = Comment_Card_WriterTests.swift; sourceTree = "<group>"; };
		C317EF9829925ACF00BAB20D /* Comment Card WriterUITests.xctest */ = {isa = PBXFileReference; explicitFileType = wrapper.cfbundle; includeInIndex = 0; path = "Comment Card WriterUITests.xctest"; sourceTree = BUILT_PRODUCTS_DIR; };
		C317EF9C29925ACF00BAB20D /* Comment_Card_WriterUITests.swift */ = {isa = PBXFileReference; lastKnownFileType = sourcecode.swift; path = Comment_Card_WriterUITests.swift; sourceTree = "<group>"; };
		C317EF9E29925ACF00BAB20D /* Comment_Card_WriterUITestsLaunchTests.swift */ = {isa = PBXFileReference; lastKnownFileType = sourcecode.swift; path = Comment_Card_WriterUITestsLaunchTests.swift; sourceTree = "<group>"; };
/* End PBXFileReference section */

/* Begin PBXFrameworksBuildPhase section */
		C317EF7B29925ACD00BAB20D /* Frameworks */ = {
			isa = PBXFrameworksBuildPhase;
			buildActionMask = 2147483647;
			files = (
			);
			runOnlyForDeploymentPostprocessing = 0;
		};
		C317EF8B29925ACF00BAB20D /* Frameworks */ = {
			isa = PBXFrameworksBuildPhase;
			buildActionMask = 2147483647;
			files = (
			);
			runOnlyForDeploymentPostprocessing = 0;
		};
		C317EF9529925ACF00BAB20D /* Frameworks */ = {
			isa = PBXFrameworksBuildPhase;
			buildActionMask = 2147483647;
			files = (
			);
			runOnlyForDeploymentPostprocessing = 0;
		};
/* End PBXFrameworksBuildPhase section */

/* Begin PBXGroup section */
		C317EF7529925ACD00BAB20D = {
			isa = PBXGroup;
			children = (
				C317EF8029925ACE00BAB20D /* Comment Card Writer */,
				C317EF9129925ACF00BAB20D /* Comment Card WriterTests */,
				C317EF9B29925ACF00BAB20D /* Comment Card WriterUITests */,
				C317EF7F29925ACE00BAB20D /* Products */,
			);
			sourceTree = "<group>";
		};
		C317EF7F29925ACE00BAB20D /* Products */ = {
			isa = PBXGroup;
			children = (
				C317EF7E29925ACE00BAB20D /* Comment Card Writer.app */,
				C317EF8E29925ACF00BAB20D /* Comment Card WriterTests.xctest */,
				C317EF9829925ACF00BAB20D /* Comment Card WriterUITests.xctest */,
			);
			name = Products;
			sourceTree = "<group>";
		};
		C317EF8029925ACE00BAB20D /* Comment Card Writer */ = {
			isa = PBXGroup;
			children = (
				C317EF8129925ACE00BAB20D /* Comment_Card_WriterApp.swift */,
				C317EF8329925ACE00BAB20D /* ContentView.swift */,
				C317EF8529925ACF00BAB20D /* Assets.xcassets */,
				C317EF8729925ACF00BAB20D /* Preview Content */,
			);
			path = "Comment Card Writer";
			sourceTree = "<group>";
		};
		C317EF8729925ACF00BAB20D /* Preview Content */ = {
			isa = PBXGroup;
			children = (
				C317EF8829925ACF00BAB20D /* Preview Assets.xcassets */,
			);
			path = "Preview Content";
			sourceTree = "<group>";
		};
		C317EF9129925ACF00BAB20D /* Comment Card WriterTests */ = {
			isa = PBXGroup;
			children = (
				C317EF9229925ACF00BAB20D /* Comment_Card_WriterTests.swift */,
			);
			path = "Comment Card WriterTests";
			sourceTree = "<group>";
		};
		C317EF9B29925ACF00BAB20D /* Comment Card WriterUITests */ = {
			isa = PBXGroup;
			children = (
				C317EF9C29925ACF00BAB20D /* Comment_Card_WriterUITests.swift */,
				C317EF9E29925ACF00BAB20D /* Comment_Card_WriterUITestsLaunchTests.swift */,
			);
			path = "Comment Card WriterUITests";
			sourceTree = "<group>";
		};
/* End PBXGroup section */

/* Begin PBXNativeTarget section */
		C317EF7D29925ACD00BAB20D /* Comment Card Writer */ = {
			isa = PBXNativeTarget;
			buildConfigurationList = C317EFA229925ACF00BAB20D /* Build configuration list for PBXNativeTarget "Comment Card Writer" */;
			buildPhases = (
				C317EF7A29925ACD00BAB20D /* Sources */,
				C317EF7B29925ACD00BAB20D /* Frameworks */,
				C317EF7C29925ACD00BAB20D /* Resources */,
			);
			buildRules = (
			);
			dependencies = (
			);
			name = "Comment Card Writer";
			productName = "Comment Card Writer";
			productReference = C317EF7E29925ACE00BAB20D /* Comment Card Writer.app */;
			productType = "com.apple.product-type.application";
		};
		C317EF8D29925ACF00BAB20D /* Comment Card WriterTests */ = {
			isa = PBXNativeTarget;
			buildConfigurationList = C317EFA529925ACF00BAB20D /* Build configuration list for PBXNativeTarget "Comment Card WriterTests" */;
			buildPhases = (
				C317EF8A29925ACF00BAB20D /* Sources */,
				C317EF8B29925ACF00BAB20D /* Frameworks */,
				C317EF8C29925ACF00BAB20D /* Resources */,
			);
			buildRules = (
			);
			dependencies = (
				C317EF9029925ACF00BAB20D /* PBXTargetDependency */,
			);
			name = "Comment Card WriterTests";
			productName = "Comment Card WriterTests";
			productReference = C317EF8E29925ACF00BAB20D /* Comment Card WriterTests.xctest */;
			productType = "com.apple.product-type.bundle.unit-test";
		};
		C317EF9729925ACF00BAB20D /* Comment Card WriterUITests */ = {
			isa = PBXNativeTarget;
			buildConfigurationList = C317EFA829925ACF00BAB20D /* Build configuration list for PBXNativeTarget "Comment Card WriterUITests" */;
			buildPhases = (
				C317EF9429925ACF00BAB20D /* Sources */,
				C317EF9529925ACF00BAB20D /* Frameworks */,
				C317EF9629925ACF00BAB20D /* Resources */,
			);
			buildRules = (
			);
			dependencies = (
				C317EF9A29925ACF00BAB20D /* PBXTargetDependency */,
			);
			name = "Comment Card WriterUITests";
			productName = "Comment Card WriterUITests";
			productReference = C317EF9829925ACF00BAB20D /* Comment Card WriterUITests.xctest */;
			productType = "com.apple.product-type.bundle.ui-testing";
		};
/* End PBXNativeTarget section */

/* Begin PBXProject section */
		C317EF7629925ACD00BAB20D /* Project object */ = {
			isa = PBXProject;
			attributes = {
				BuildIndependentTargetsInParallel = 1;
				LastSwiftUpdateCheck = 1320;
				LastUpgradeCheck = 1320;
				TargetAttributes = {
					C317EF7D29925ACD00BAB20D = {
						CreatedOnToolsVersion = 13.2.1;
					};
					C317EF8D29925ACF00BAB20D = {
						CreatedOnToolsVersion = 13.2.1;
						TestTargetID = C317EF7D29925ACD00BAB20D;
					};
					C317EF9729925ACF00BAB20D = {
						CreatedOnToolsVersion = 13.2.1;
						TestTargetID = C317EF7D29925ACD00BAB20D;
					};
				};
			};
			buildConfigurationList = C317EF7929925ACD00BAB20D /* Build configuration list for PBXProject "Comment Card Writer" */;
			compatibilityVersion = "Xcode 13.0";
			developmentRegion = en;
			hasScannedForEncodings = 0;
			knownRegions = (
				en,
				Base,
			);
			mainGroup = C317EF7529925ACD00BAB20D;
			productRefGroup = C317EF7F29925ACE00BAB20D /* Products */;
			projectDirPath = "";
			projectRoot = "";
			targets = (
				C317EF7D29925ACD00BAB20D /* Comment Card Writer */,
				C317EF8D29925ACF00BAB20D /* Comment Card WriterTests */,
				C317EF9729925ACF00BAB20D /* Comment Card WriterUITests */,
			);
		};
/* End PBXProject section */

/* Begin PBXResourcesBuildPhase section */
		C317EF7C29925ACD00BAB20D /* Resources */ = {
			isa = PBXResourcesBuildPhase;
			buildActionMask = 2147483647;
			files = (
				C317EF8929925ACF00BAB20D /* Preview Assets.xcassets in Resources */,
				C317EF8629925ACF00BAB20D /* Assets.xcassets in Resources */,
			);
			runOnlyForDeploymentPostprocessing = 0;
		};
		C317EF8C29925ACF00BAB20D /* Resources */ = {
			isa = PBXResourcesBuildPhase;
			buildActionMask = 2147483647;
			files = (
			);
			runOnlyForDeploymentPostprocessing = 0;
		};
		C317EF9629925ACF00BAB20D /* Resources */ = {
			isa = PBXResourcesBuildPhase;
			buildActionMask = 2147483647;
			files = (
			);
			runOnlyForDeploymentPostprocessing = 0;
		};
/* End PBXResourcesBuildPhase section */

/* Begin PBXSourcesBuildPhase section */
		C317EF7A29925ACD00BAB20D /* Sources */ = {
			isa = PBXSourcesBuildPhase;
			buildActionMask = 2147483647;
			files = (
				C317EF8429925ACE00BAB20D /* ContentView.swift in Sources */,
				C317EF8229925ACE00BAB20D /* Comment_Card_WriterApp.swift in Sources */,
			);
			runOnlyForDeploymentPostprocessing = 0;
		};
		C317EF8A29925ACF00BAB20D /* Sources */ = {
			isa = PBXSourcesBuildPhase;
			buildActionMask = 2147483647;
			files = (
				C317EF9329925ACF00BAB20D /* Comment_Card_WriterTests.swift in Sources */,
			);
			runOnlyForDeploymentPostprocessing = 0;
		};
		C317EF9429925ACF00BAB20D /* Sources */ = {
			isa = PBXSourcesBuildPhase;
			buildActionMask = 2147483647;
			files = (
				C317EF9D29925ACF00BAB20D /* Comment_Card_WriterUITests.swift in Sources */,
				C317EF9F29925ACF00BAB20D /* Comment_Card_WriterUITestsLaunchTests.swift in Sources */,
			);
			runOnlyForDeploymentPostprocessing = 0;
		};
/* End PBXSourcesBuildPhase section */

/* Begin PBXTargetDependency section */
		C317EF9029925ACF00BAB20D /* PBXTargetDependency */ = {
			isa = PBXTargetDependency;
			target = C317EF7D29925ACD00BAB20D /* Comment Card Writer */;
			targetProxy = C317EF8F29925ACF00BAB20D /* PBXContainerItemProxy */;
		};
		C317EF9A29925ACF00BAB20D /* PBXTargetDependency */ = {
			isa = PBXTargetDependency;
			target = C317EF7D29925ACD00BAB20D /* Comment Card Writer */;
			targetProxy = C317EF9929925ACF00BAB20D /* PBXContainerItemProxy */;
		};
/* End PBXTargetDependency section */

/* Begin XCBuildConfiguration section */
		C317EFA029925ACF00BAB20D /* Debug */ = {
			isa = XCBuildConfiguration;
			buildSettings = {
				ALWAYS_SEARCH_USER_PATHS = NO;
				CLANG_ANALYZER_NONNULL = YES;
				CLANG_ANALYZER_NUMBER_OBJECT_CONVERSION = YES_AGGRESSIVE;
				CLANG_CXX_LANGUAGE_STANDARD = "gnu++17";
				CLANG_CXX_LIBRARY = "libc++";
				CLANG_ENABLE_MODULES = YES;
				CLANG_ENABLE_OBJC_ARC = YES;
				CLANG_ENABLE_OBJC_WEAK = YES;
				CLANG_WARN_BLOCK_CAPTURE_AUTORELEASING = YES;
				CLANG_WARN_BOOL_CONVERSION = YES;
				CLANG_WARN_COMMA = YES;
				CLANG_WARN_CONSTANT_CONVERSION = YES;
				CLANG_WARN_DEPRECATED_OBJC_IMPLEMENTATIONS = YES;
				CLANG_WARN_DIRECT_OBJC_ISA_USAGE = YES_ERROR;
				CLANG_WARN_DOCUMENTATION_COMMENTS = YES;
				CLANG_WARN_EMPTY_BODY = YES;
				CLANG_WARN_ENUM_CONVERSION = YES;
				CLANG_WARN_INFINITE_RECURSION = YES;
				CLANG_WARN_INT_CONVERSION = YES;
				CLANG_WARN_NON_LITERAL_NULL_CONVERSION = YES;
				CLANG_WARN_OBJC_IMPLICIT_RETAIN_SELF = YES;
				CLANG_WARN_OBJC_LITERAL_CONVERSION = YES;
				CLANG_WARN_OBJC_ROOT_CLASS = YES_ERROR;
				CLANG_WARN_QUOTED_INCLUDE_IN_FRAMEWORK_HEADER = YES;
				CLANG_WARN_RANGE_LOOP_ANALYSIS = YES;
				CLANG_WARN_STRICT_PROTOTYPES = YES;
				CLANG_WARN_SUSPICIOUS_MOVE = YES;
				CLANG_WARN_UNGUARDED_AVAILABILITY = YES_AGGRESSIVE;
				CLANG_WARN_UNREACHABLE_CODE = YES;
				CLANG_WARN__DUPLICATE_METHOD_MATCH = YES;
				COPY_PHASE_STRIP = NO;
				DEBUG_INFORMATION_FORMAT = dwarf;
				ENABLE_STRICT_OBJC_MSGSEND = YES;
				ENABLE_TESTABILITY = YES;
				GCC_C_LANGUAGE_STANDARD = gnu11;
				GCC_DYNAMIC_NO_PIC = NO;
				GCC_NO_COMMON_BLOCKS = YES;
				GCC_OPTIMIZATION_LEVEL = 0;
				GCC_PREPROCESSOR_DEFINITIONS = (
					"DEBUG=1",
					"$(inherited)",
				);
				GCC_WARN_64_TO_32_BIT_CONVERSION = YES;
				GCC_WARN_ABOUT_RETURN_TYPE = YES_ERROR;
				GCC_WARN_UNDECLARED_SELECTOR = YES;
				GCC_WARN_UNINITIALIZED_AUTOS = YES_AGGRESSIVE;
				GCC_WARN_UNUSED_FUNCTION = YES;
				GCC_WARN_UNUSED_VARIABLE = YES;
				IPHONEOS_DEPLOYMENT_TARGET = 15.2;
				MTL_ENABLE_DEBUG_INFO = INCLUDE_SOURCE;
				MTL_FAST_MATH = YES;
				ONLY_ACTIVE_ARCH = YES;
				SDKROOT = iphoneos;
				SWIFT_ACTIVE_COMPILATION_CONDITIONS = DEBUG;
				SWIFT_OPTIMIZATION_LEVEL = "-Onone";
			};
			name = Debug;
		};
		C317EFA129925ACF00BAB20D /* Release */ = {
			isa = XCBuildConfiguration;
			buildSettings = {
				ALWAYS_SEARCH_USER_PATHS = NO;
				CLANG_ANALYZER_NONNULL = YES;
				CLANG_ANALYZER_NUMBER_OBJECT_CONVERSION = YES_AGGRESSIVE;
				CLANG_CXX_LANGUAGE_STANDARD = "gnu++17";
				CLANG_CXX_LIBRARY = "libc++";
				CLANG_ENABLE_MODULES = YES;
				CLANG_ENABLE_OBJC_ARC = YES;
				CLANG_ENABLE_OBJC_WEAK = YES;
				CLANG_WARN_BLOCK_CAPTURE_AUTORELEASING = YES;
				CLANG_WARN_BOOL_CONVERSION = YES;
				CLANG_WARN_COMMA = YES;
				CLANG_WARN_CONSTANT_CONVERSION = YES;
				CLANG_WARN_DEPRECATED_OBJC_IMPLEMENTATIONS = YES;
				CLANG_WARN_DIRECT_OBJC_ISA_USAGE = YES_ERROR;
				CLANG_WARN_DOCUMENTATION_COMMENTS = YES;
				CLANG_WARN_EMPTY_BODY = YES;
				CLANG_WARN_ENUM_CONVERSION = YES;
				CLANG_WARN_INFINITE_RECURSION = YES;
				CLANG_WARN_INT_CONVERSION = YES;
				CLANG_WARN_NON_LITERAL_NULL_CONVERSION = YES;
				CLANG_WARN_OBJC_IMPLICIT_RETAIN_SELF = YES;
				CLANG_WARN_OBJC_LITERAL_CONVERSION = YES;
				CLANG_WARN_OBJC_ROOT_CLASS = YES_ERROR;
				CLANG_WARN_QUOTED_INCLUDE_IN_FRAMEWORK_HEADER = YES;
				CLANG_WARN_RANGE_LOOP_ANALYSIS = YES;
				CLANG_WARN_STRICT_PROTOTYPES = YES;
				CLANG_WARN_SUSPICIOUS_MOVE = YES;
				CLANG_WARN_UNGUARDED_AVAILABILITY = YES_AGGRESSIVE;
				CLANG_WARN_UNREACHABLE_CODE = YES;
				CLANG_WARN__DUPLICATE_METHOD_MATCH = YES;
				COPY_PHASE_STRIP = NO;
				DEBUG_INFORMATION_FORMAT = "dwarf-with-dsym";
				ENABLE_NS_ASSERTIONS = NO;
				ENABLE_STRICT_OBJC_MSGSEND = YES;
				GCC_C_LANGUAGE_STANDARD = gnu11;
				GCC_NO_COMMON_BLOCKS = YES;
				GCC_WARN_64_TO_32_BIT_CONVERSION = YES;
				GCC_WARN_ABOUT_RETURN_TYPE = YES_ERROR;
				GCC_WARN_UNDECLARED_SELECTOR = YES;
				GCC_WARN_UNINITIALIZED_AUTOS = YES_AGGRESSIVE;
				GCC_WARN_UNUSED_FUNCTION = YES;
				GCC_WARN_UNUSED_VARIABLE = YES;
				IPHONEOS_DEPLOYMENT_TARGET = 15.2;
				MTL_ENABLE_DEBUG_INFO = NO;
				MTL_FAST_MATH = YES;
				SDKROOT = iphoneos;
				SWIFT_COMPILATION_MODE = wholemodule;
				SWIFT_OPTIMIZATION_LEVEL = "-O";
				VALIDATE_PRODUCT = YES;
			};
			name = Release;
		};
		C317EFA329925ACF00BAB20D /* Debug */ = {
			isa = XCBuildConfiguration;
			buildSettings = {
				ASSETCATALOG_COMPILER_APPICON_NAME = AppIcon;
				ASSETCATALOG_COMPILER_GLOBAL_ACCENT_COLOR_NAME = AccentColor;
				CODE_SIGN_STYLE = Automatic;
				CURRENT_PROJECT_VERSION = 1;
				DEVELOPMENT_ASSET_PATHS = "\"Comment Card Writer/Preview Content\"";
				ENABLE_PREVIEWS = YES;
				GENERATE_INFOPLIST_FILE = YES;
				INFOPLIST_KEY_UIApplicationSceneManifest_Generation = YES;
				INFOPLIST_KEY_UIApplicationSupportsIndirectInputEvents = YES;
				INFOPLIST_KEY_UILaunchScreen_Generation = YES;
				INFOPLIST_KEY_UISupportedInterfaceOrientations_iPad = "UIInterfaceOrientationPortrait UIInterfaceOrientationPortraitUpsideDown UIInterfaceOrientationLandscapeLeft UIInterfaceOrientationLandscapeRight";
				INFOPLIST_KEY_UISupportedInterfaceOrientations_iPhone = "UIInterfaceOrientationPortrait UIInterfaceOrientationLandscapeLeft UIInterfaceOrientationLandscapeRight";
				LD_RUNPATH_SEARCH_PATHS = (
					"$(inherited)",
					"@executable_path/Frameworks",
				);
				MARKETING_VERSION = 1.0;
				PRODUCT_BUNDLE_IDENTIFIER = "com.eton.ccomw.Comment-Card-Writer";
				PRODUCT_NAME = "$(TARGET_NAME)";
				SWIFT_EMIT_LOC_STRINGS = YES;
				SWIFT_VERSION = 5.0;
				TARGETED_DEVICE_FAMILY = "1,2";
			};
			name = Debug;
		};
		C317EFA429925ACF00BAB20D /* Release */ = {
			isa = XCBuildConfiguration;
			buildSettings = {
				ASSETCATALOG_COMPILER_APPICON_NAME = AppIcon;
				ASSETCATALOG_COMPILER_GLOBAL_ACCENT_COLOR_NAME = AccentColor;
				CODE_SIGN_STYLE = Automatic;
				CURRENT_PROJECT_VERSION = 1;
				DEVELOPMENT_ASSET_PATHS = "\"Comment Card Writer/Preview Content\"";
				ENABLE_PREVIEWS = YES;
				GENERATE_INFOPLIST_FILE = YES;
				INFOPLIST_KEY_UIApplicationSceneManifest_Generation = YES;
				INFOPLIST_KEY_UIApplicationSupportsIndirectInputEvents = YES;
				INFOPLIST_KEY_UILaunchScreen_Generation = YES;
				INFOPLIST_KEY_UISupportedInterfaceOrientations_iPad = "UIInterfaceOrientationPortrait UIInterfaceOrientationPortraitUpsideDown UIInterfaceOrientationLandscapeLeft UIInterfaceOrientationLandscapeRight";
				INFOPLIST_KEY_UISupportedInterfaceOrientations_iPhone = "UIInterfaceOrientationPortrait UIInterfaceOrientationLandscapeLeft UIInterfaceOrientationLandscapeRight";
				LD_RUNPATH_SEARCH_PATHS = (
					"$(inherited)",
					"@executable_path/Frameworks",
				);
				MARKETING_VERSION = 1.0;
				PRODUCT_BUNDLE_IDENTIFIER = "com.eton.ccomw.Comment-Card-Writer";
				PRODUCT_NAME = "$(TARGET_NAME)";
				SWIFT_EMIT_LOC_STRINGS = YES;
				SWIFT_VERSION = 5.0;
				TARGETED_DEVICE_FAMILY = "1,2";
			};
			name = Release;
		};
		C317EFA629925ACF00BAB20D /* Debug */ = {
			isa = XCBuildConfiguration;
			buildSettings = {
				ALWAYS_EMBED_SWIFT_STANDARD_LIBRARIES = YES;
				BUNDLE_LOADER = "$(TEST_HOST)";
				CODE_SIGN_STYLE = Automatic;
				CURRENT_PROJECT_VERSION = 1;
				GENERATE_INFOPLIST_FILE = YES;
				IPHONEOS_DEPLOYMENT_TARGET = 15.2;
				MARKETING_VERSION = 1.0;
				PRODUCT_BUNDLE_IDENTIFIER = "com.eton.ccomw.Comment-Card-WriterTests";
				PRODUCT_NAME = "$(TARGET_NAME)";
				SWIFT_EMIT_LOC_STRINGS = NO;
				SWIFT_VERSION = 5.0;
				TARGETED_DEVICE_FAMILY = "1,2";
				TEST_HOST = "$(BUILT_PRODUCTS_DIR)/Comment Card Writer.app/Comment Card Writer";
			};
			name = Debug;
		};
		C317EFA729925ACF00BAB20D /* Release */ = {
			isa = XCBuildConfiguration;
			buildSettings = {
				ALWAYS_EMBED_SWIFT_STANDARD_LIBRARIES = YES;
				BUNDLE_LOADER = "$(TEST_HOST)";
				CODE_SIGN_STYLE = Automatic;
				CURRENT_PROJECT_VERSION = 1;
				GENERATE_INFOPLIST_FILE = YES;
				IPHONEOS_DEPLOYMENT_TARGET = 15.2;
				MARKETING_VERSION = 1.0;
				PRODUCT_BUNDLE_IDENTIFIER = "com.eton.ccomw.Comment-Card-WriterTests";
				PRODUCT_NAME = "$(TARGET_NAME)";
				SWIFT_EMIT_LOC_STRINGS = NO;
				SWIFT_VERSION = 5.0;
				TARGETED_DEVICE_FAMILY = "1,2";
				TEST_HOST = "$(BUILT_PRODUCTS_DIR)/Comment Card Writer.app/Comment Card Writer";
			};
			name = Release;
		};
		C317EFA929925ACF00BAB20D /* Debug */ = {
			isa = XCBuildConfiguration;
			buildSettings = {
				ALWAYS_EMBED_SWIFT_STANDARD_LIBRARIES = YES;
				CODE_SIGN_STYLE = Automatic;
				CURRENT_PROJECT_VERSION = 1;
				GENERATE_INFOPLIST_FILE = YES;
				MARKETING_VERSION = 1.0;
				PRODUCT_BUNDLE_IDENTIFIER = "com.eton.ccomw.Comment-Card-WriterUITests";
				PRODUCT_NAME = "$(TARGET_NAME)";
				SWIFT_EMIT_LOC_STRINGS = NO;
				SWIFT_VERSION = 5.0;
				TARGETED_DEVICE_FAMILY = "1,2";
				TEST_TARGET_NAME = "Comment Card Writer";
			};
			name = Debug;
		};
		C317EFAA29925ACF00BAB20D /* Release */ = {
			isa = XCBuildConfiguration;
			buildSettings = {
				ALWAYS_EMBED_SWIFT_STANDARD_LIBRARIES = YES;
				CODE_SIGN_STYLE = Automatic;
				CURRENT_PROJECT_VERSION = 1;
				GENERATE_INFOPLIST_FILE = YES;
				MARKETING_VERSION = 1.0;
				PRODUCT_BUNDLE_IDENTIFIER = "com.eton.ccomw.Comment-Card-WriterUITests";
				PRODUCT_NAME = "$(TARGET_NAME)";
				SWIFT_EMIT_LOC_STRINGS = NO;
				SWIFT_VERSION = 5.0;
				TARGETED_DEVICE_FAMILY = "1,2";
				TEST_TARGET_NAME = "Comment Card Writer";
			};
			name = Release;
		};
/* End XCBuildConfiguration section */

/* Begin XCConfigurationList section */
		C317EF7929925ACD00BAB20D /* Build configuration list for PBXProject "Comment Card Writer" */ = {
			isa = XCConfigurationList;
			buildConfigurations = (
				C317EFA029925ACF00BAB20D /* Debug */,
				C317EFA129925ACF00BAB20D /* Release */,
			);
			defaultConfigurationIsVisible = 0;
			defaultConfigurationName = Release;
		};
		C317EFA229925ACF00BAB20D /* Build configuration list for PBXNativeTarget "Comment Card Writer" */ = {
			isa = XCConfigurationList;
			buildConfigurations = (
				C317EFA329925ACF00BAB20D /* Debug */,
				C317EFA429925ACF00BAB20D /* Release */,
			);
			defaultConfigurationIsVisible = 0;
			defaultConfigurationName = Release;
		};
		C317EFA529925ACF00BAB20D /* Build configuration list for PBXNativeTarget "Comment Card WriterTests" */ = {
			isa = XCConfigurationList;
			buildConfigurations = (
				C317EFA629925ACF00BAB20D /* Debug */,
				C317EFA729925ACF00BAB20D /* Release */,
			);
			defaultConfigurationIsVisible = 0;
			defaultConfigurationName = Release;
		};
		C317EFA829925ACF00BAB20D /* Build configuration list for PBXNativeTarget "Comment Card WriterUITests" */ = {
			isa = XCConfigurationList;
			buildConfigurations = (
				C317EFA929925ACF00BAB20D /* Debug */,
				C317EFAA29925ACF00BAB20D /* Release */,
			);
			defaultConfigurationIsVisible = 0;
			defaultConfigurationName = Release;
		};
/* End XCConfigurationList section */
	};
	rootObject = C317EF7629925ACD00BAB20D /* Project object */;
}
